// !$*UTF8*$!
{
	archiveVersion = 1;
	classes = {
	};
	objectVersion = 56;
	objects = {

/* Begin PBXBuildFile section */
		8227554E2C86D15000201509 /* AppDelegate.swift in Sources */ = {isa = PBXBuildFile; fileRef = 8227554D2C86D15000201509 /* AppDelegate.swift */; };
		822755502C86D15000201509 /* SceneDelegate.swift in Sources */ = {isa = PBXBuildFile; fileRef = 8227554F2C86D15000201509 /* SceneDelegate.swift */; };
		822755522C86D15000201509 /* ViewController.swift in Sources */ = {isa = PBXBuildFile; fileRef = 822755512C86D15000201509 /* ViewController.swift */; };
		822755552C86D15000201509 /* Base in Resources */ = {isa = PBXBuildFile; fileRef = 822755542C86D15000201509 /* Base */; };
		822755582C86D15000201509 /* KeypointsRenderer.xcdatamodeld in Sources */ = {isa = PBXBuildFile; fileRef = 822755562C86D15000201509 /* KeypointsRenderer.xcdatamodeld */; };
		8227555A2C86D15200201509 /* Assets.xcassets in Resources */ = {isa = PBXBuildFile; fileRef = 822755592C86D15200201509 /* Assets.xcassets */; };
		8227555D2C86D15200201509 /* Base in Resources */ = {isa = PBXBuildFile; fileRef = 8227555C2C86D15200201509 /* Base */; };
		822755652C86E0AF00201509 /* TwoDViewController.swift in Sources */ = {isa = PBXBuildFile; fileRef = 822755642C86E0AF00201509 /* TwoDViewController.swift */; };
		822755672C86E0C600201509 /* ThreeDViewController.swift in Sources */ = {isa = PBXBuildFile; fileRef = 822755662C86E0C600201509 /* ThreeDViewController.swift */; };
		822755682C86E77800201509 /* Main.storyboard in Resources */ = {isa = PBXBuildFile; fileRef = 822755532C86D15000201509 /* Main.storyboard */; };
		8227556D2C86E96400201509 /* KeypointData.swift in Sources */ = {isa = PBXBuildFile; fileRef = 822755692C86E96400201509 /* KeypointData.swift */; };
		8227556E2C86E96400201509 /* CA_Keypoints.json in Resources */ = {isa = PBXBuildFile; fileRef = 8227556A2C86E96400201509 /* CA_Keypoints.json */; };
		8227556F2C86E96400201509 /* KeypointsView.swift in Sources */ = {isa = PBXBuildFile; fileRef = 8227556B2C86E96400201509 /* KeypointsView.swift */; };
		822755702C86E96400201509 /* TW_Keypoints.json in Resources */ = {isa = PBXBuildFile; fileRef = 8227556C2C86E96400201509 /* TW_Keypoints.json */; };
/* End PBXBuildFile section */

/* Begin PBXFileReference section */
		8227554A2C86D15000201509 /* KeypointsRenderer.app */ = {isa = PBXFileReference; explicitFileType = wrapper.application; includeInIndex = 0; path = KeypointsRenderer.app; sourceTree = BUILT_PRODUCTS_DIR; };
		8227554D2C86D15000201509 /* AppDelegate.swift */ = {isa = PBXFileReference; lastKnownFileType = sourcecode.swift; path = AppDelegate.swift; sourceTree = "<group>"; };
		8227554F2C86D15000201509 /* SceneDelegate.swift */ = {isa = PBXFileReference; lastKnownFileType = sourcecode.swift; path = SceneDelegate.swift; sourceTree = "<group>"; };
		822755512C86D15000201509 /* ViewController.swift */ = {isa = PBXFileReference; lastKnownFileType = sourcecode.swift; path = ViewController.swift; sourceTree = "<group>"; };
		822755542C86D15000201509 /* Base */ = {isa = PBXFileReference; lastKnownFileType = file.storyboard; name = Base; path = Base.lproj/Main.storyboard; sourceTree = "<group>"; };
		822755572C86D15000201509 /* KeypointsRenderer.xcdatamodel */ = {isa = PBXFileReference; lastKnownFileType = wrapper.xcdatamodel; path = KeypointsRenderer.xcdatamodel; sourceTree = "<group>"; };
		822755592C86D15200201509 /* Assets.xcassets */ = {isa = PBXFileReference; lastKnownFileType = folder.assetcatalog; path = Assets.xcassets; sourceTree = "<group>"; };
		8227555C2C86D15200201509 /* Base */ = {isa = PBXFileReference; lastKnownFileType = file.storyboard; name = Base; path = Base.lproj/LaunchScreen.storyboard; sourceTree = "<group>"; };
		8227555E2C86D15200201509 /* Info.plist */ = {isa = PBXFileReference; lastKnownFileType = text.plist.xml; path = Info.plist; sourceTree = "<group>"; };
		822755642C86E0AF00201509 /* TwoDViewController.swift */ = {isa = PBXFileReference; lastKnownFileType = sourcecode.swift; path = TwoDViewController.swift; sourceTree = "<group>"; };
		822755662C86E0C600201509 /* ThreeDViewController.swift */ = {isa = PBXFileReference; lastKnownFileType = sourcecode.swift; path = ThreeDViewController.swift; sourceTree = "<group>"; };
		822755692C86E96400201509 /* KeypointData.swift */ = {isa = PBXFileReference; fileEncoding = 4; lastKnownFileType = sourcecode.swift; path = KeypointData.swift; sourceTree = "<group>"; };
		8227556A2C86E96400201509 /* CA_Keypoints.json */ = {isa = PBXFileReference; fileEncoding = 4; lastKnownFileType = text.json; path = CA_Keypoints.json; sourceTree = "<group>"; };
		8227556B2C86E96400201509 /* KeypointsView.swift */ = {isa = PBXFileReference; fileEncoding = 4; lastKnownFileType = sourcecode.swift; path = KeypointsView.swift; sourceTree = "<group>"; };
		8227556C2C86E96400201509 /* TW_Keypoints.json */ = {isa = PBXFileReference; fileEncoding = 4; lastKnownFileType = text.json; path = TW_Keypoints.json; sourceTree = "<group>"; };
/* End PBXFileReference section */

/* Begin PBXFrameworksBuildPhase section */
		822755472C86D15000201509 /* Frameworks */ = {
			isa = PBXFrameworksBuildPhase;
			buildActionMask = 2147483647;
			files = (
			);
			runOnlyForDeploymentPostprocessing = 0;
		};
/* End PBXFrameworksBuildPhase section */

/* Begin PBXGroup section */
		822755412C86D15000201509 = {
			isa = PBXGroup;
			children = (
				8227554C2C86D15000201509 /* KeypointsRenderer */,
				8227554B2C86D15000201509 /* Products */,
			);
			sourceTree = "<group>";
		};
		8227554B2C86D15000201509 /* Products */ = {
			isa = PBXGroup;
			children = (
				8227554A2C86D15000201509 /* KeypointsRenderer.app */,
			);
			name = Products;
			sourceTree = "<group>";
		};
		8227554C2C86D15000201509 /* KeypointsRenderer */ = {
			isa = PBXGroup;
			children = (
				8227555E2C86D15200201509 /* Info.plist */,
				82B2D2BA2C89A53B00CCA5E6 /* SupportingFiles */,
				82B2D2B92C89A52800CCA5E6 /* Storyboards */,
				82B2D2B82C89A51A00CCA5E6 /* Resources */,
				82B2D2B72C89A4E800CCA5E6 /* ViewControllers */,
				82B2D2B62C89A4D700CCA5E6 /* Views */,
				82B2D2B52C89A4CD00CCA5E6 /* Models */,
				822755562C86D15000201509 /* KeypointsRenderer.xcdatamodeld */,
			);
			path = KeypointsRenderer;
			sourceTree = "<group>";
		};
		82B2D2B52C89A4CD00CCA5E6 /* Models */ = {
			isa = PBXGroup;
			children = (
				822755692C86E96400201509 /* KeypointData.swift */,
			);
			path = Models;
			sourceTree = "<group>";
		};
		82B2D2B62C89A4D700CCA5E6 /* Views */ = {
			isa = PBXGroup;
			children = (
				8227556B2C86E96400201509 /* KeypointsView.swift */,
			);
			path = Views;
			sourceTree = "<group>";
		};
		82B2D2B72C89A4E800CCA5E6 /* ViewControllers */ = {
			isa = PBXGroup;
			children = (
				822755512C86D15000201509 /* ViewController.swift */,
				822755642C86E0AF00201509 /* TwoDViewController.swift */,
				822755662C86E0C600201509 /* ThreeDViewController.swift */,
			);
			path = ViewControllers;
			sourceTree = "<group>";
		};
		82B2D2B82C89A51A00CCA5E6 /* Resources */ = {
			isa = PBXGroup;
			children = (
				822755592C86D15200201509 /* Assets.xcassets */,
				8227556A2C86E96400201509 /* CA_Keypoints.json */,
				8227556C2C86E96400201509 /* TW_Keypoints.json */,
			);
			path = Resources;
			sourceTree = "<group>";
		};
		82B2D2B92C89A52800CCA5E6 /* Storyboards */ = {
			isa = PBXGroup;
			children = (
				822755532C86D15000201509 /* Main.storyboard */,
				8227555B2C86D15200201509 /* LaunchScreen.storyboard */,
			);
			path = Storyboards;
			sourceTree = "<group>";
		};
		82B2D2BA2C89A53B00CCA5E6 /* SupportingFiles */ = {
			isa = PBXGroup;
			children = (
				8227554D2C86D15000201509 /* AppDelegate.swift */,
				8227554F2C86D15000201509 /* SceneDelegate.swift */,
			);
			path = SupportingFiles;
			sourceTree = "<group>";
		};
/* End PBXGroup section */

/* Begin PBXNativeTarget section */
		822755492C86D15000201509 /* KeypointsRenderer */ = {
			isa = PBXNativeTarget;
			buildConfigurationList = 822755612C86D15200201509 /* Build configuration list for PBXNativeTarget "KeypointsRenderer" */;
			buildPhases = (
				822755462C86D15000201509 /* Sources */,
				822755472C86D15000201509 /* Frameworks */,
				822755482C86D15000201509 /* Resources */,
			);
			buildRules = (
			);
			dependencies = (
			);
			name = KeypointsRenderer;
			productName = KeypointsRenderer;
			productReference = 8227554A2C86D15000201509 /* KeypointsRenderer.app */;
			productType = "com.apple.product-type.application";
		};
/* End PBXNativeTarget section */

/* Begin PBXProject section */
		822755422C86D15000201509 /* Project object */ = {
			isa = PBXProject;
			attributes = {
				BuildIndependentTargetsInParallel = 1;
				LastSwiftUpdateCheck = 1540;
				LastUpgradeCheck = 1540;
				TargetAttributes = {
					822755492C86D15000201509 = {
						CreatedOnToolsVersion = 15.4;
					};
				};
			};
			buildConfigurationList = 822755452C86D15000201509 /* Build configuration list for PBXProject "KeypointsRenderer" */;
			compatibilityVersion = "Xcode 14.0";
			developmentRegion = en;
			hasScannedForEncodings = 0;
			knownRegions = (
				en,
				Base,
			);
			mainGroup = 822755412C86D15000201509;
			productRefGroup = 8227554B2C86D15000201509 /* Products */;
			projectDirPath = "";
			projectRoot = "";
			targets = (
				822755492C86D15000201509 /* KeypointsRenderer */,
			);
		};
/* End PBXProject section */

/* Begin PBXResourcesBuildPhase section */
		822755482C86D15000201509 /* Resources */ = {
			isa = PBXResourcesBuildPhase;
			buildActionMask = 2147483647;
			files = (
				8227555A2C86D15200201509 /* Assets.xcassets in Resources */,
				822755702C86E96400201509 /* TW_Keypoints.json in Resources */,
				8227556E2C86E96400201509 /* CA_Keypoints.json in Resources */,
				8227555D2C86D15200201509 /* Base in Resources */,
				822755552C86D15000201509 /* Base in Resources */,
				822755682C86E77800201509 /* Main.storyboard in Resources */,
			);
			runOnlyForDeploymentPostprocessing = 0;
		};
/* End PBXResourcesBuildPhase section */

/* Begin PBXSourcesBuildPhase section */
		822755462C86D15000201509 /* Sources */ = {
			isa = PBXSourcesBuildPhase;
			buildActionMask = 2147483647;
			files = (
				822755522C86D15000201509 /* ViewController.swift in Sources */,
				8227554E2C86D15000201509 /* AppDelegate.swift in Sources */,
				822755672C86E0C600201509 /* ThreeDViewController.swift in Sources */,
				822755502C86D15000201509 /* SceneDelegate.swift in Sources */,
				822755582C86D15000201509 /* KeypointsRenderer.xcdatamodeld in Sources */,
				8227556D2C86E96400201509 /* KeypointData.swift in Sources */,
				822755652C86E0AF00201509 /* TwoDViewController.swift in Sources */,
				8227556F2C86E96400201509 /* KeypointsView.swift in Sources */,
			);
			runOnlyForDeploymentPostprocessing = 0;
		};
/* End PBXSourcesBuildPhase section */

/* Begin PBXVariantGroup section */
		822755532C86D15000201509 /* Main.storyboard */ = {
			isa = PBXVariantGroup;
			children = (
				822755542C86D15000201509 /* Base */,
			);
			name = Main.storyboard;
			sourceTree = "<group>";
		};
		8227555B2C86D15200201509 /* LaunchScreen.storyboard */ = {
			isa = PBXVariantGroup;
			children = (
				8227555C2C86D15200201509 /* Base */,
			);
			name = LaunchScreen.storyboard;
			sourceTree = "<group>";
		};
/* End PBXVariantGroup section */

/* Begin XCBuildConfiguration section */
		8227555F2C86D15200201509 /* Debug */ = {
			isa = XCBuildConfiguration;
			buildSettings = {
				ALWAYS_SEARCH_USER_PATHS = NO;
				ASSETCATALOG_COMPILER_GENERATE_SWIFT_ASSET_SYMBOL_EXTENSIONS = YES;
				CLANG_ANALYZER_NONNULL = YES;
				CLANG_ANALYZER_NUMBER_OBJECT_CONVERSION = YES_AGGRESSIVE;
				CLANG_CXX_LANGUAGE_STANDARD = "gnu++20";
				CLANG_ENABLE_MODULES = YES;
				CLANG_ENABLE_OBJC_ARC = YES;
				CLANG_ENABLE_OBJC_WEAK = YES;
				CLANG_WARN_BLOCK_CAPTURE_AUTORELEASING = YES;
				CLANG_WARN_BOOL_CONVERSION = YES;
				CLANG_WARN_COMMA = YES;
				CLANG_WARN_CONSTANT_CONVERSION = YES;
				CLANG_WARN_DEPRECATED_OBJC_IMPLEMENTATIONS = YES;
				CLANG_WARN_DIRECT_OBJC_ISA_USAGE = YES_ERROR;
				CLANG_WARN_DOCUMENTATION_COMMENTS = YES;
				CLANG_WARN_EMPTY_BODY = YES;
				CLANG_WARN_ENUM_CONVERSION = YES;
				CLANG_WARN_INFINITE_RECURSION = YES;
				CLANG_WARN_INT_CONVERSION = YES;
				CLANG_WARN_NON_LITERAL_NULL_CONVERSION = YES;
				CLANG_WARN_OBJC_IMPLICIT_RETAIN_SELF = YES;
				CLANG_WARN_OBJC_LITERAL_CONVERSION = YES;
				CLANG_WARN_OBJC_ROOT_CLASS = YES_ERROR;
				CLANG_WARN_QUOTED_INCLUDE_IN_FRAMEWORK_HEADER = YES;
				CLANG_WARN_RANGE_LOOP_ANALYSIS = YES;
				CLANG_WARN_STRICT_PROTOTYPES = YES;
				CLANG_WARN_SUSPICIOUS_MOVE = YES;
				CLANG_WARN_UNGUARDED_AVAILABILITY = YES_AGGRESSIVE;
				CLANG_WARN_UNREACHABLE_CODE = YES;
				CLANG_WARN__DUPLICATE_METHOD_MATCH = YES;
				COPY_PHASE_STRIP = NO;
				DEBUG_INFORMATION_FORMAT = dwarf;
				ENABLE_STRICT_OBJC_MSGSEND = YES;
				ENABLE_TESTABILITY = YES;
				ENABLE_USER_SCRIPT_SANDBOXING = YES;
				GCC_C_LANGUAGE_STANDARD = gnu17;
				GCC_DYNAMIC_NO_PIC = NO;
				GCC_NO_COMMON_BLOCKS = YES;
				GCC_OPTIMIZATION_LEVEL = 0;
				GCC_PREPROCESSOR_DEFINITIONS = (
					"DEBUG=1",
					"$(inherited)",
				);
				GCC_WARN_64_TO_32_BIT_CONVERSION = YES;
				GCC_WARN_ABOUT_RETURN_TYPE = YES_ERROR;
				GCC_WARN_UNDECLARED_SELECTOR = YES;
				GCC_WARN_UNINITIALIZED_AUTOS = YES_AGGRESSIVE;
				GCC_WARN_UNUSED_FUNCTION = YES;
				GCC_WARN_UNUSED_VARIABLE = YES;
				IPHONEOS_DEPLOYMENT_TARGET = 17.5;
				LOCALIZATION_PREFERS_STRING_CATALOGS = YES;
				MTL_ENABLE_DEBUG_INFO = INCLUDE_SOURCE;
				MTL_FAST_MATH = YES;
				ONLY_ACTIVE_ARCH = YES;
				SDKROOT = iphoneos;
				SWIFT_ACTIVE_COMPILATION_CONDITIONS = "DEBUG $(inherited)";
				SWIFT_OPTIMIZATION_LEVEL = "-Onone";
			};
			name = Debug;
		};
		822755602C86D15200201509 /* Release */ = {
			isa = XCBuildConfiguration;
			buildSettings = {
				ALWAYS_SEARCH_USER_PATHS = NO;
				ASSETCATALOG_COMPILER_GENERATE_SWIFT_ASSET_SYMBOL_EXTENSIONS = YES;
				CLANG_ANALYZER_NONNULL = YES;
				CLANG_ANALYZER_NUMBER_OBJECT_CONVERSION = YES_AGGRESSIVE;
				CLANG_CXX_LANGUAGE_STANDARD = "gnu++20";
				CLANG_ENABLE_MODULES = YES;
				CLANG_ENABLE_OBJC_ARC = YES;
				CLANG_ENABLE_OBJC_WEAK = YES;
				CLANG_WARN_BLOCK_CAPTURE_AUTORELEASING = YES;
				CLANG_WARN_BOOL_CONVERSION = YES;
				CLANG_WARN_COMMA = YES;
				CLANG_WARN_CONSTANT_CONVERSION = YES;
				CLANG_WARN_DEPRECATED_OBJC_IMPLEMENTATIONS = YES;
				CLANG_WARN_DIRECT_OBJC_ISA_USAGE = YES_ERROR;
				CLANG_WARN_DOCUMENTATION_COMMENTS = YES;
				CLANG_WARN_EMPTY_BODY = YES;
				CLANG_WARN_ENUM_CONVERSION = YES;
				CLANG_WARN_INFINITE_RECURSION = YES;
				CLANG_WARN_INT_CONVERSION = YES;
				CLANG_WARN_NON_LITERAL_NULL_CONVERSION = YES;
				CLANG_WARN_OBJC_IMPLICIT_RETAIN_SELF = YES;
				CLANG_WARN_OBJC_LITERAL_CONVERSION = YES;
				CLANG_WARN_OBJC_ROOT_CLASS = YES_ERROR;
				CLANG_WARN_QUOTED_INCLUDE_IN_FRAMEWORK_HEADER = YES;
				CLANG_WARN_RANGE_LOOP_ANALYSIS = YES;
				CLANG_WARN_STRICT_PROTOTYPES = YES;
				CLANG_WARN_SUSPICIOUS_MOVE = YES;
				CLANG_WARN_UNGUARDED_AVAILABILITY = YES_AGGRESSIVE;
				CLANG_WARN_UNREACHABLE_CODE = YES;
				CLANG_WARN__DUPLICATE_METHOD_MATCH = YES;
				COPY_PHASE_STRIP = NO;
				DEBUG_INFORMATION_FORMAT = "dwarf-with-dsym";
				ENABLE_NS_ASSERTIONS = NO;
				ENABLE_STRICT_OBJC_MSGSEND = YES;
				ENABLE_USER_SCRIPT_SANDBOXING = YES;
				GCC_C_LANGUAGE_STANDARD = gnu17;
				GCC_NO_COMMON_BLOCKS = YES;
				GCC_WARN_64_TO_32_BIT_CONVERSION = YES;
				GCC_WARN_ABOUT_RETURN_TYPE = YES_ERROR;
				GCC_WARN_UNDECLARED_SELECTOR = YES;
				GCC_WARN_UNINITIALIZED_AUTOS = YES_AGGRESSIVE;
				GCC_WARN_UNUSED_FUNCTION = YES;
				GCC_WARN_UNUSED_VARIABLE = YES;
				IPHONEOS_DEPLOYMENT_TARGET = 17.5;
				LOCALIZATION_PREFERS_STRING_CATALOGS = YES;
				MTL_ENABLE_DEBUG_INFO = NO;
				MTL_FAST_MATH = YES;
				SDKROOT = iphoneos;
				SWIFT_COMPILATION_MODE = wholemodule;
				VALIDATE_PRODUCT = YES;
			};
			name = Release;
		};
		822755622C86D15200201509 /* Debug */ = {
			isa = XCBuildConfiguration;
			buildSettings = {
				ASSETCATALOG_COMPILER_APPICON_NAME = AppIcon;
				ASSETCATALOG_COMPILER_GLOBAL_ACCENT_COLOR_NAME = AccentColor;
				CODE_SIGN_STYLE = Automatic;
				CURRENT_PROJECT_VERSION = 1;
				DEVELOPMENT_TEAM = 2L8X9FV8YG;
				GENERATE_INFOPLIST_FILE = YES;
				INFOPLIST_FILE = KeypointsRenderer/Info.plist;
				INFOPLIST_KEY_CFBundleDisplayName = Keypoints;
				INFOPLIST_KEY_UIApplicationSupportsIndirectInputEvents = YES;
				INFOPLIST_KEY_UILaunchStoryboardName = LaunchScreen;
				INFOPLIST_KEY_UIMainStoryboardFile = Main;
				INFOPLIST_KEY_UISupportedInterfaceOrientations_iPad = "UIInterfaceOrientationPortrait UIInterfaceOrientationPortraitUpsideDown UIInterfaceOrientationLandscapeLeft UIInterfaceOrientationLandscapeRight";
				INFOPLIST_KEY_UISupportedInterfaceOrientations_iPhone = "UIInterfaceOrientationPortrait UIInterfaceOrientationLandscapeLeft UIInterfaceOrientationLandscapeRight";
				LD_RUNPATH_SEARCH_PATHS = (
					"$(inherited)",
					"@executable_path/Frameworks",
				);
				MARKETING_VERSION = 1.0;
				PRODUCT_BUNDLE_IDENTIFIER = rhan.KeypointsRenderer;
				PRODUCT_NAME = "$(TARGET_NAME)";
				SWIFT_EMIT_LOC_STRINGS = YES;
				SWIFT_VERSION = 5.0;
				TARGETED_DEVICE_FAMILY = "1,2";
			};
			name = Debug;
		};
		822755632C86D15200201509 /* Release */ = {
			isa = XCBuildConfiguration;
			buildSettings = {
				ASSETCATALOG_COMPILER_APPICON_NAME = AppIcon;
				ASSETCATALOG_COMPILER_GLOBAL_ACCENT_COLOR_NAME = AccentColor;
				CODE_SIGN_STYLE = Automatic;
				CURRENT_PROJECT_VERSION = 1;
				DEVELOPMENT_TEAM = 2L8X9FV8YG;
				GENERATE_INFOPLIST_FILE = YES;
				INFOPLIST_FILE = KeypointsRenderer/Info.plist;
				INFOPLIST_KEY_CFBundleDisplayName = Keypoints;
				INFOPLIST_KEY_UIApplicationSupportsIndirectInputEvents = YES;
				INFOPLIST_KEY_UILaunchStoryboardName = LaunchScreen;
				INFOPLIST_KEY_UIMainStoryboardFile = Main;
				INFOPLIST_KEY_UISupportedInterfaceOrientations_iPad = "UIInterfaceOrientationPortrait UIInterfaceOrientationPortraitUpsideDown UIInterfaceOrientationLandscapeLeft UIInterfaceOrientationLandscapeRight";
				INFOPLIST_KEY_UISupportedInterfaceOrientations_iPhone = "UIInterfaceOrientationPortrait UIInterfaceOrientationLandscapeLeft UIInterfaceOrientationLandscapeRight";
				LD_RUNPATH_SEARCH_PATHS = (
					"$(inherited)",
					"@executable_path/Frameworks",
				);
				MARKETING_VERSION = 1.0;
				PRODUCT_BUNDLE_IDENTIFIER = rhan.KeypointsRenderer;
				PRODUCT_NAME = "$(TARGET_NAME)";
				SWIFT_EMIT_LOC_STRINGS = YES;
				SWIFT_VERSION = 5.0;
				TARGETED_DEVICE_FAMILY = "1,2";
			};
			name = Release;
		};
/* End XCBuildConfiguration section */

/* Begin XCConfigurationList section */
		822755452C86D15000201509 /* Build configuration list for PBXProject "KeypointsRenderer" */ = {
			isa = XCConfigurationList;
			buildConfigurations = (
				8227555F2C86D15200201509 /* Debug */,
				822755602C86D15200201509 /* Release */,
			);
			defaultConfigurationIsVisible = 0;
			defaultConfigurationName = Release;
		};
		822755612C86D15200201509 /* Build configuration list for PBXNativeTarget "KeypointsRenderer" */ = {
			isa = XCConfigurationList;
			buildConfigurations = (
				822755622C86D15200201509 /* Debug */,
				822755632C86D15200201509 /* Release */,
			);
			defaultConfigurationIsVisible = 0;
			defaultConfigurationName = Release;
		};
/* End XCConfigurationList section */

/* Begin XCVersionGroup section */
		822755562C86D15000201509 /* KeypointsRenderer.xcdatamodeld */ = {
			isa = XCVersionGroup;
			children = (
				822755572C86D15000201509 /* KeypointsRenderer.xcdatamodel */,
			);
			currentVersion = 822755572C86D15000201509 /* KeypointsRenderer.xcdatamodel */;
			path = KeypointsRenderer.xcdatamodeld;
			sourceTree = "<group>";
			versionGroupType = wrapper.xcdatamodel;
		};
/* End XCVersionGroup section */
	};
	rootObject = 822755422C86D15000201509 /* Project object */;
}
